
Microsoft Visual Studio Solution File, Format Version 12.00
# Visual Studio 15
VisualStudioVersion = 15.0.26124.0
MinimumVisualStudioVersion = 15.0.26124.0
Project("{FAE04EC0-301F-11D3-BF4B-00C04F79EFBC}") = "NProducts.BLL", "NProducts.BLL\NProducts.BLL.csproj", "{356C7704-84DF-41A2-85C7-C2448A2E73F1}"
EndProject
Project("{FAE04EC0-301F-11D3-BF4B-00C04F79EFBC}") = "NProducts.DAL", "NProducts.DAL\NProducts.DAL.csproj", "{A9A84E45-381D-46CE-9CD9-09D380C30BAF}"
EndProject
Project("{FAE04EC0-301F-11D3-BF4B-00C04F79EFBC}") = "NProducts.Data", "NProducts.Data\NProducts.Data.csproj", "{1F039551-1ED0-44D8-B4DA-89CC0C881415}"
EndProject
Project("{FAE04EC0-301F-11D3-BF4B-00C04F79EFBC}") = "NProducts.Web", "NProducts.Web\NProducts.Web.csproj", "{A4420126-AF8E-4990-8187-A0901A0FE20D}"
EndProject
Project("{FAE04EC0-301F-11D3-BF4B-00C04F79EFBC}") = "NProducts.WebApi", "NProducts.WebApi\NProducts.WebApi.csproj", "{3BDE1422-6987-4432-8F44-A46E1EDFB8D1}"
EndProject
Project("{FAE04EC0-301F-11D3-BF4B-00C04F79EFBC}") = "NProducts.Tests", "NProducts.Tests\NProducts.Tests.csproj", "{87648084-6A0B-4639-9C48-4BE41298A3A4}"
EndProject
Global
	GlobalSection(SolutionConfigurationPlatforms) = preSolution
		Debug|Any CPU = Debug|Any CPU
		Debug|x64 = Debug|x64
		Debug|x86 = Debug|x86
		Release|Any CPU = Release|Any CPU
		Release|x64 = Release|x64
		Release|x86 = Release|x86
	EndGlobalSection
	GlobalSection(SolutionProperties) = preSolution
		HideSolutionNode = FALSE
	EndGlobalSection
	GlobalSection(ProjectConfigurationPlatforms) = postSolution
		{356C7704-84DF-41A2-85C7-C2448A2E73F1}.Debug|Any CPU.ActiveCfg = Debug|Any CPU
		{356C7704-84DF-41A2-85C7-C2448A2E73F1}.Debug|Any CPU.Build.0 = Debug|Any CPU
		{356C7704-84DF-41A2-85C7-C2448A2E73F1}.Debug|x64.ActiveCfg = Debug|Any CPU
		{356C7704-84DF-41A2-85C7-C2448A2E73F1}.Debug|x64.Build.0 = Debug|Any CPU
		{356C7704-84DF-41A2-85C7-C2448A2E73F1}.Debug|x86.ActiveCfg = Debug|Any CPU
		{356C7704-84DF-41A2-85C7-C2448A2E73F1}.Debug|x86.Build.0 = Debug|Any CPU
		{356C7704-84DF-41A2-85C7-C2448A2E73F1}.Release|Any CPU.ActiveCfg = Release|Any CPU
		{356C7704-84DF-41A2-85C7-C2448A2E73F1}.Release|Any CPU.Build.0 = Release|Any CPU
		{356C7704-84DF-41A2-85C7-C2448A2E73F1}.Release|x64.ActiveCfg = Release|Any CPU
		{356C7704-84DF-41A2-85C7-C2448A2E73F1}.Release|x64.Build.0 = Release|Any CPU
		{356C7704-84DF-41A2-85C7-C2448A2E73F1}.Release|x86.ActiveCfg = Release|Any CPU
		{356C7704-84DF-41A2-85C7-C2448A2E73F1}.Release|x86.Build.0 = Release|Any CPU
		{A9A84E45-381D-46CE-9CD9-09D380C30BAF}.Debug|Any CPU.ActiveCfg = Debug|Any CPU
		{A9A84E45-381D-46CE-9CD9-09D380C30BAF}.Debug|Any CPU.Build.0 = Debug|Any CPU
		{A9A84E45-381D-46CE-9CD9-09D380C30BAF}.Debug|x64.ActiveCfg = Debug|Any CPU
		{A9A84E45-381D-46CE-9CD9-09D380C30BAF}.Debug|x64.Build.0 = Debug|Any CPU
		{A9A84E45-381D-46CE-9CD9-09D380C30BAF}.Debug|x86.ActiveCfg = Debug|Any CPU
		{A9A84E45-381D-46CE-9CD9-09D380C30BAF}.Debug|x86.Build.0 = Debug|Any CPU
		{A9A84E45-381D-46CE-9CD9-09D380C30BAF}.Release|Any CPU.ActiveCfg = Release|Any CPU
		{A9A84E45-381D-46CE-9CD9-09D380C30BAF}.Release|Any CPU.Build.0 = Release|Any CPU
		{A9A84E45-381D-46CE-9CD9-09D380C30BAF}.Release|x64.ActiveCfg = Release|Any CPU
		{A9A84E45-381D-46CE-9CD9-09D380C30BAF}.Release|x64.Build.0 = Release|Any CPU
		{A9A84E45-381D-46CE-9CD9-09D380C30BAF}.Release|x86.ActiveCfg = Release|Any CPU
		{A9A84E45-381D-46CE-9CD9-09D380C30BAF}.Release|x86.Build.0 = Release|Any CPU
		{1F039551-1ED0-44D8-B4DA-89CC0C881415}.Debug|Any CPU.ActiveCfg = Debug|Any CPU
		{1F039551-1ED0-44D8-B4DA-89CC0C881415}.Debug|Any CPU.Build.0 = Debug|Any CPU
		{1F039551-1ED0-44D8-B4DA-89CC0C881415}.Debug|x64.ActiveCfg = Debug|Any CPU
		{1F039551-1ED0-44D8-B4DA-89CC0C881415}.Debug|x64.Build.0 = Debug|Any CPU
		{1F039551-1ED0-44D8-B4DA-89CC0C881415}.Debug|x86.ActiveCfg = Debug|Any CPU
		{1F039551-1ED0-44D8-B4DA-89CC0C881415}.Debug|x86.Build.0 = Debug|Any CPU
		{1F039551-1ED0-44D8-B4DA-89CC0C881415}.Release|Any CPU.ActiveCfg = Release|Any CPU
		{1F039551-1ED0-44D8-B4DA-89CC0C881415}.Release|Any CPU.Build.0 = Release|Any CPU
		{1F039551-1ED0-44D8-B4DA-89CC0C881415}.Release|x64.ActiveCfg = Release|Any CPU
		{1F039551-1ED0-44D8-B4DA-89CC0C881415}.Release|x64.Build.0 = Release|Any CPU
		{1F039551-1ED0-44D8-B4DA-89CC0C881415}.Release|x86.ActiveCfg = Release|Any CPU
		{1F039551-1ED0-44D8-B4DA-89CC0C881415}.Release|x86.Build.0 = Release|Any CPU
		{A4420126-AF8E-4990-8187-A0901A0FE20D}.Debug|Any CPU.ActiveCfg = Debug|Any CPU
		{A4420126-AF8E-4990-8187-A0901A0FE20D}.Debug|Any CPU.Build.0 = Debug|Any CPU
		{A4420126-AF8E-4990-8187-A0901A0FE20D}.Debug|x64.ActiveCfg = Debug|Any CPU
		{A4420126-AF8E-4990-8187-A0901A0FE20D}.Debug|x64.Build.0 = Debug|Any CPU
		{A4420126-AF8E-4990-8187-A0901A0FE20D}.Debug|x86.ActiveCfg = Debug|Any CPU
		{A4420126-AF8E-4990-8187-A0901A0FE20D}.Debug|x86.Build.0 = Debug|Any CPU
		{A4420126-AF8E-4990-8187-A0901A0FE20D}.Release|Any CPU.ActiveCfg = Release|Any CPU
		{A4420126-AF8E-4990-8187-A0901A0FE20D}.Release|Any CPU.Build.0 = Release|Any CPU
		{A4420126-AF8E-4990-8187-A0901A0FE20D}.Release|x64.ActiveCfg = Release|Any CPU
		{A4420126-AF8E-4990-8187-A0901A0FE20D}.Release|x64.Build.0 = Release|Any CPU
		{A4420126-AF8E-4990-8187-A0901A0FE20D}.Release|x86.ActiveCfg = Release|Any CPU
		{A4420126-AF8E-4990-8187-A0901A0FE20D}.Release|x86.Build.0 = Release|Any CPU
		{3BDE1422-6987-4432-8F44-A46E1EDFB8D1}.Debug|Any CPU.ActiveCfg = Debug|Any CPU
		{3BDE1422-6987-4432-8F44-A46E1EDFB8D1}.Debug|Any CPU.Build.0 = Debug|Any CPU
		{3BDE1422-6987-4432-8F44-A46E1EDFB8D1}.Debug|x64.ActiveCfg = Debug|Any CPU
		{3BDE1422-6987-4432-8F44-A46E1EDFB8D1}.Debug|x64.Build.0 = Debug|Any CPU
		{3BDE1422-6987-4432-8F44-A46E1EDFB8D1}.Debug|x86.ActiveCfg = Debug|Any CPU
		{3BDE1422-6987-4432-8F44-A46E1EDFB8D1}.Debug|x86.Build.0 = Debug|Any CPU
		{3BDE1422-6987-4432-8F44-A46E1EDFB8D1}.Release|Any CPU.ActiveCfg = Release|Any CPU
		{3BDE1422-6987-4432-8F44-A46E1EDFB8D1}.Release|Any CPU.Build.0 = Release|Any CPU
		{3BDE1422-6987-4432-8F44-A46E1EDFB8D1}.Release|x64.ActiveCfg = Release|Any CPU
		{3BDE1422-6987-4432-8F44-A46E1EDFB8D1}.Release|x64.Build.0 = Release|Any CPU
		{3BDE1422-6987-4432-8F44-A46E1EDFB8D1}.Release|x86.ActiveCfg = Release|Any CPU
		{3BDE1422-6987-4432-8F44-A46E1EDFB8D1}.Release|x86.Build.0 = Release|Any CPU
		{87648084-6A0B-4639-9C48-4BE41298A3A4}.Debug|Any CPU.ActiveCfg = Debug|Any CPU
		{87648084-6A0B-4639-9C48-4BE41298A3A4}.Debug|Any CPU.Build.0 = Debug|Any CPU
		{87648084-6A0B-4639-9C48-4BE41298A3A4}.Debug|x64.ActiveCfg = Debug|Any CPU
		{87648084-6A0B-4639-9C48-4BE41298A3A4}.Debug|x64.Build.0 = Debug|Any CPU
		{87648084-6A0B-4639-9C48-4BE41298A3A4}.Debug|x86.ActiveCfg = Debug|Any CPU
		{87648084-6A0B-4639-9C48-4BE41298A3A4}.Debug|x86.Build.0 = Debug|Any CPU
		{87648084-6A0B-4639-9C48-4BE41298A3A4}.Release|Any CPU.ActiveCfg = Release|Any CPU
		{87648084-6A0B-4639-9C48-4BE41298A3A4}.Release|Any CPU.Build.0 = Release|Any CPU
		{87648084-6A0B-4639-9C48-4BE41298A3A4}.Release|x64.ActiveCfg = Release|Any CPU
		{87648084-6A0B-4639-9C48-4BE41298A3A4}.Release|x64.Build.0 = Release|Any CPU
		{87648084-6A0B-4639-9C48-4BE41298A3A4}.Release|x86.ActiveCfg = Release|Any CPU
		{87648084-6A0B-4639-9C48-4BE41298A3A4}.Release|x86.Build.0 = Release|Any CPU
	EndGlobalSection
EndGlobal
